
Microsoft Visual Studio Solution File, Format Version 12.00
# Visual Studio Version 17
VisualStudioVersion = 17.0.31903.59
MinimumVisualStudioVersion = 10.0.40219.1
Project("{2150E333-8FDC-42A3-9474-1A3956D46DE8}") = "Source", "Source", "{B8EFCA5F-814F-285C-A8CB-F00F14650265}"
EndProject
Project("{FAE04EC0-301F-11D3-BF4B-00C04F79EFBC}") = "Comanda.Domain", "Source\Comanda.Domain\Comanda.Domain.csproj", "{196F95DD-DF45-4B12-9421-8057E92F8F60}"
EndProject
Project("{FAE04EC0-301F-11D3-BF4B-00C04F79EFBC}") = "Comanda.Application", "Source\Comanda.Application\Comanda.Application.csproj", "{7AF728E0-924A-4A13-873C-9A693212E6A6}"
EndProject
Project("{FAE04EC0-301F-11D3-BF4B-00C04F79EFBC}") = "Comanda.Infrastructure", "Source\Comanda.Infrastructure\Comanda.Infrastructure.csproj", "{2F47A398-9C10-4DAA-AA75-19CEB4D04C2B}"
EndProject
Project("{FAE04EC0-301F-11D3-BF4B-00C04F79EFBC}") = "Comanda.Infrastructure.IoC", "Source\Comanda.Infrastructure.IoC\Comanda.Infrastructure.IoC.csproj", "{C7B85063-3B4C-484F-BDCB-704E11ECAA0C}"
EndProject
Project("{FAE04EC0-301F-11D3-BF4B-00C04F79EFBC}") = "Comanda.Shared", "Source\Comanda.Shared\Comanda.Shared.csproj", "{D1A779B2-E5A7-4D2D-85C3-784991EDB085}"
EndProject
Project("{FAE04EC0-301F-11D3-BF4B-00C04F79EFBC}") = "Comanda.WebApi", "Source\Comanda.WebApi\Comanda.WebApi.csproj", "{5290F68D-DA62-4D8D-90DF-74FAB55ECFE2}"
EndProject
Project("{2150E333-8FDC-42A3-9474-1A3956D46DE8}") = "Tests", "Tests", "{0AB3BF05-4346-4AA6-1389-037BE0695223}"
EndProject
Project("{FAE04EC0-301F-11D3-BF4B-00C04F79EFBC}") = "Comanda.TestSuite", "Tests\Comanda.TestSuite.csproj", "{AABCA1C7-1E09-4C5E-ABC5-E3985B2D1BFC}"
EndProject
Global
	GlobalSection(SolutionConfigurationPlatforms) = preSolution
		Debug|Any CPU = Debug|Any CPU
		Debug|x64 = Debug|x64
		Debug|x86 = Debug|x86
		Release|Any CPU = Release|Any CPU
		Release|x64 = Release|x64
		Release|x86 = Release|x86
	EndGlobalSection
	GlobalSection(ProjectConfigurationPlatforms) = postSolution
		{196F95DD-DF45-4B12-9421-8057E92F8F60}.Debug|Any CPU.ActiveCfg = Debug|Any CPU
		{196F95DD-DF45-4B12-9421-8057E92F8F60}.Debug|Any CPU.Build.0 = Debug|Any CPU
		{196F95DD-DF45-4B12-9421-8057E92F8F60}.Debug|x64.ActiveCfg = Debug|Any CPU
		{196F95DD-DF45-4B12-9421-8057E92F8F60}.Debug|x64.Build.0 = Debug|Any CPU
		{196F95DD-DF45-4B12-9421-8057E92F8F60}.Debug|x86.ActiveCfg = Debug|Any CPU
		{196F95DD-DF45-4B12-9421-8057E92F8F60}.Debug|x86.Build.0 = Debug|Any CPU
		{196F95DD-DF45-4B12-9421-8057E92F8F60}.Release|Any CPU.ActiveCfg = Release|Any CPU
		{196F95DD-DF45-4B12-9421-8057E92F8F60}.Release|Any CPU.Build.0 = Release|Any CPU
		{196F95DD-DF45-4B12-9421-8057E92F8F60}.Release|x64.ActiveCfg = Release|Any CPU
		{196F95DD-DF45-4B12-9421-8057E92F8F60}.Release|x64.Build.0 = Release|Any CPU
		{196F95DD-DF45-4B12-9421-8057E92F8F60}.Release|x86.ActiveCfg = Release|Any CPU
		{196F95DD-DF45-4B12-9421-8057E92F8F60}.Release|x86.Build.0 = Release|Any CPU
		{7AF728E0-924A-4A13-873C-9A693212E6A6}.Debug|Any CPU.ActiveCfg = Debug|Any CPU
		{7AF728E0-924A-4A13-873C-9A693212E6A6}.Debug|Any CPU.Build.0 = Debug|Any CPU
		{7AF728E0-924A-4A13-873C-9A693212E6A6}.Debug|x64.ActiveCfg = Debug|Any CPU
		{7AF728E0-924A-4A13-873C-9A693212E6A6}.Debug|x64.Build.0 = Debug|Any CPU
		{7AF728E0-924A-4A13-873C-9A693212E6A6}.Debug|x86.ActiveCfg = Debug|Any CPU
		{7AF728E0-924A-4A13-873C-9A693212E6A6}.Debug|x86.Build.0 = Debug|Any CPU
		{7AF728E0-924A-4A13-873C-9A693212E6A6}.Release|Any CPU.ActiveCfg = Release|Any CPU
		{7AF728E0-924A-4A13-873C-9A693212E6A6}.Release|Any CPU.Build.0 = Release|Any CPU
		{7AF728E0-924A-4A13-873C-9A693212E6A6}.Release|x64.ActiveCfg = Release|Any CPU
		{7AF728E0-924A-4A13-873C-9A693212E6A6}.Release|x64.Build.0 = Release|Any CPU
		{7AF728E0-924A-4A13-873C-9A693212E6A6}.Release|x86.ActiveCfg = Release|Any CPU
		{7AF728E0-924A-4A13-873C-9A693212E6A6}.Release|x86.Build.0 = Release|Any CPU
		{2F47A398-9C10-4DAA-AA75-19CEB4D04C2B}.Debug|Any CPU.ActiveCfg = Debug|Any CPU
		{2F47A398-9C10-4DAA-AA75-19CEB4D04C2B}.Debug|Any CPU.Build.0 = Debug|Any CPU
		{2F47A398-9C10-4DAA-AA75-19CEB4D04C2B}.Debug|x64.ActiveCfg = Debug|Any CPU
		{2F47A398-9C10-4DAA-AA75-19CEB4D04C2B}.Debug|x64.Build.0 = Debug|Any CPU
		{2F47A398-9C10-4DAA-AA75-19CEB4D04C2B}.Debug|x86.ActiveCfg = Debug|Any CPU
		{2F47A398-9C10-4DAA-AA75-19CEB4D04C2B}.Debug|x86.Build.0 = Debug|Any CPU
		{2F47A398-9C10-4DAA-AA75-19CEB4D04C2B}.Release|Any CPU.ActiveCfg = Release|Any CPU
		{2F47A398-9C10-4DAA-AA75-19CEB4D04C2B}.Release|Any CPU.Build.0 = Release|Any CPU
		{2F47A398-9C10-4DAA-AA75-19CEB4D04C2B}.Release|x64.ActiveCfg = Release|Any CPU
		{2F47A398-9C10-4DAA-AA75-19CEB4D04C2B}.Release|x64.Build.0 = Release|Any CPU
		{2F47A398-9C10-4DAA-AA75-19CEB4D04C2B}.Release|x86.ActiveCfg = Release|Any CPU
		{2F47A398-9C10-4DAA-AA75-19CEB4D04C2B}.Release|x86.Build.0 = Release|Any CPU
		{C7B85063-3B4C-484F-BDCB-704E11ECAA0C}.Debug|Any CPU.ActiveCfg = Debug|Any CPU
		{C7B85063-3B4C-484F-BDCB-704E11ECAA0C}.Debug|Any CPU.Build.0 = Debug|Any CPU
		{C7B85063-3B4C-484F-BDCB-704E11ECAA0C}.Debug|x64.ActiveCfg = Debug|Any CPU
		{C7B85063-3B4C-484F-BDCB-704E11ECAA0C}.Debug|x64.Build.0 = Debug|Any CPU
		{C7B85063-3B4C-484F-BDCB-704E11ECAA0C}.Debug|x86.ActiveCfg = Debug|Any CPU
		{C7B85063-3B4C-484F-BDCB-704E11ECAA0C}.Debug|x86.Build.0 = Debug|Any CPU
		{C7B85063-3B4C-484F-BDCB-704E11ECAA0C}.Release|Any CPU.ActiveCfg = Release|Any CPU
		{C7B85063-3B4C-484F-BDCB-704E11ECAA0C}.Release|Any CPU.Build.0 = Release|Any CPU
		{C7B85063-3B4C-484F-BDCB-704E11ECAA0C}.Release|x64.ActiveCfg = Release|Any CPU
		{C7B85063-3B4C-484F-BDCB-704E11ECAA0C}.Release|x64.Build.0 = Release|Any CPU
		{C7B85063-3B4C-484F-BDCB-704E11ECAA0C}.Release|x86.ActiveCfg = Release|Any CPU
		{C7B85063-3B4C-484F-BDCB-704E11ECAA0C}.Release|x86.Build.0 = Release|Any CPU
		{D1A779B2-E5A7-4D2D-85C3-784991EDB085}.Debug|Any CPU.ActiveCfg = Debug|Any CPU
		{D1A779B2-E5A7-4D2D-85C3-784991EDB085}.Debug|Any CPU.Build.0 = Debug|Any CPU
		{D1A779B2-E5A7-4D2D-85C3-784991EDB085}.Debug|x64.ActiveCfg = Debug|Any CPU
		{D1A779B2-E5A7-4D2D-85C3-784991EDB085}.Debug|x64.Build.0 = Debug|Any CPU
		{D1A779B2-E5A7-4D2D-85C3-784991EDB085}.Debug|x86.ActiveCfg = Debug|Any CPU
		{D1A779B2-E5A7-4D2D-85C3-784991EDB085}.Debug|x86.Build.0 = Debug|Any CPU
		{D1A779B2-E5A7-4D2D-85C3-784991EDB085}.Release|Any CPU.ActiveCfg = Release|Any CPU
		{D1A779B2-E5A7-4D2D-85C3-784991EDB085}.Release|Any CPU.Build.0 = Release|Any CPU
		{D1A779B2-E5A7-4D2D-85C3-784991EDB085}.Release|x64.ActiveCfg = Release|Any CPU
		{D1A779B2-E5A7-4D2D-85C3-784991EDB085}.Release|x64.Build.0 = Release|Any CPU
		{D1A779B2-E5A7-4D2D-85C3-784991EDB085}.Release|x86.ActiveCfg = Release|Any CPU
		{D1A779B2-E5A7-4D2D-85C3-784991EDB085}.Release|x86.Build.0 = Release|Any CPU
		{5290F68D-DA62-4D8D-90DF-74FAB55ECFE2}.Debug|Any CPU.ActiveCfg = Debug|Any CPU
		{5290F68D-DA62-4D8D-90DF-74FAB55ECFE2}.Debug|Any CPU.Build.0 = Debug|Any CPU
		{5290F68D-DA62-4D8D-90DF-74FAB55ECFE2}.Debug|x64.ActiveCfg = Debug|Any CPU
		{5290F68D-DA62-4D8D-90DF-74FAB55ECFE2}.Debug|x64.Build.0 = Debug|Any CPU
		{5290F68D-DA62-4D8D-90DF-74FAB55ECFE2}.Debug|x86.ActiveCfg = Debug|Any CPU
		{5290F68D-DA62-4D8D-90DF-74FAB55ECFE2}.Debug|x86.Build.0 = Debug|Any CPU
		{5290F68D-DA62-4D8D-90DF-74FAB55ECFE2}.Release|Any CPU.ActiveCfg = Release|Any CPU
		{5290F68D-DA62-4D8D-90DF-74FAB55ECFE2}.Release|Any CPU.Build.0 = Release|Any CPU
		{5290F68D-DA62-4D8D-90DF-74FAB55ECFE2}.Release|x64.ActiveCfg = Release|Any CPU
		{5290F68D-DA62-4D8D-90DF-74FAB55ECFE2}.Release|x64.Build.0 = Release|Any CPU
		{5290F68D-DA62-4D8D-90DF-74FAB55ECFE2}.Release|x86.ActiveCfg = Release|Any CPU
		{5290F68D-DA62-4D8D-90DF-74FAB55ECFE2}.Release|x86.Build.0 = Release|Any CPU
		{AABCA1C7-1E09-4C5E-ABC5-E3985B2D1BFC}.Debug|Any CPU.ActiveCfg = Debug|Any CPU
		{AABCA1C7-1E09-4C5E-ABC5-E3985B2D1BFC}.Debug|Any CPU.Build.0 = Debug|Any CPU
		{AABCA1C7-1E09-4C5E-ABC5-E3985B2D1BFC}.Debug|x64.ActiveCfg = Debug|Any CPU
		{AABCA1C7-1E09-4C5E-ABC5-E3985B2D1BFC}.Debug|x64.Build.0 = Debug|Any CPU
		{AABCA1C7-1E09-4C5E-ABC5-E3985B2D1BFC}.Debug|x86.ActiveCfg = Debug|Any CPU
		{AABCA1C7-1E09-4C5E-ABC5-E3985B2D1BFC}.Debug|x86.Build.0 = Debug|Any CPU
		{AABCA1C7-1E09-4C5E-ABC5-E3985B2D1BFC}.Release|Any CPU.ActiveCfg = Release|Any CPU
		{AABCA1C7-1E09-4C5E-ABC5-E3985B2D1BFC}.Release|Any CPU.Build.0 = Release|Any CPU
		{AABCA1C7-1E09-4C5E-ABC5-E3985B2D1BFC}.Release|x64.ActiveCfg = Release|Any CPU
		{AABCA1C7-1E09-4C5E-ABC5-E3985B2D1BFC}.Release|x64.Build.0 = Release|Any CPU
		{AABCA1C7-1E09-4C5E-ABC5-E3985B2D1BFC}.Release|x86.ActiveCfg = Release|Any CPU
		{AABCA1C7-1E09-4C5E-ABC5-E3985B2D1BFC}.Release|x86.Build.0 = Release|Any CPU
	EndGlobalSection
	GlobalSection(SolutionProperties) = preSolution
		HideSolutionNode = FALSE
	EndGlobalSection
	GlobalSection(NestedProjects) = preSolution
		{196F95DD-DF45-4B12-9421-8057E92F8F60} = {B8EFCA5F-814F-285C-A8CB-F00F14650265}
		{7AF728E0-924A-4A13-873C-9A693212E6A6} = {B8EFCA5F-814F-285C-A8CB-F00F14650265}
		{2F47A398-9C10-4DAA-AA75-19CEB4D04C2B} = {B8EFCA5F-814F-285C-A8CB-F00F14650265}
		{C7B85063-3B4C-484F-BDCB-704E11ECAA0C} = {B8EFCA5F-814F-285C-A8CB-F00F14650265}
		{D1A779B2-E5A7-4D2D-85C3-784991EDB085} = {B8EFCA5F-814F-285C-A8CB-F00F14650265}
		{5290F68D-DA62-4D8D-90DF-74FAB55ECFE2} = {B8EFCA5F-814F-285C-A8CB-F00F14650265}
		{AABCA1C7-1E09-4C5E-ABC5-E3985B2D1BFC} = {0AB3BF05-4346-4AA6-1389-037BE0695223}
	EndGlobalSection
EndGlobal
